
Microsoft Visual Studio Solution File, Format Version 12.00
# Visual Studio 14
VisualStudioVersion = 14.0.25420.1
MinimumVisualStudioVersion = 10.0.40219.1
Project("{FAE04EC0-301F-11D3-BF4B-00C04F79EFBC}") = "KloudCodingTask.Model", "KloudCodingTask.Model\KloudCodingTask.Model.csproj", "{3992CB1A-335A-4DB3-9DC7-E00FD2F726CF}"
EndProject
Project("{FAE04EC0-301F-11D3-BF4B-00C04F79EFBC}") = "KloudCodingTask.DataAccessLayer", "KloudCodingTask.DataAccessLayer\KloudCodingTask.DataAccessLayer.csproj", "{BE8AE52F-CF64-4F81-ACF9-B263A1377ECA}"
EndProject
Project("{FAE04EC0-301F-11D3-BF4B-00C04F79EFBC}") = "KloudCodingTask.BusinessLayer", "KloudCodingTask.BusinessLayer\KloudCodingTask.BusinessLayer.csproj", "{F2EEFA16-5E3F-4986-BA04-B9DB4D8668A9}"
EndProject
Project("{FAE04EC0-301F-11D3-BF4B-00C04F79EFBC}") = "KloudCodingTask.UI", "KloudCodingTask.UI\KloudCodingTask.UI.csproj", "{49D63678-2B99-4F51-B494-8B6C20470E99}"
EndProject
Project("{FAE04EC0-301F-11D3-BF4B-00C04F79EFBC}") = "KloudCodingTask.UnitTest", "KloudCodingTask.UnitTest\KloudCodingTask.UnitTest.csproj", "{6AD08297-4644-44EB-86AA-FE2220FE1A9C}"
EndProject
Global
	GlobalSection(SolutionConfigurationPlatforms) = preSolution
		Debug|Any CPU = Debug|Any CPU
		Release|Any CPU = Release|Any CPU
	EndGlobalSection
	GlobalSection(ProjectConfigurationPlatforms) = postSolution
		{3992CB1A-335A-4DB3-9DC7-E00FD2F726CF}.Debug|Any CPU.ActiveCfg = Debug|Any CPU
		{3992CB1A-335A-4DB3-9DC7-E00FD2F726CF}.Debug|Any CPU.Build.0 = Debug|Any CPU
		{3992CB1A-335A-4DB3-9DC7-E00FD2F726CF}.Release|Any CPU.ActiveCfg = Release|Any CPU
		{3992CB1A-335A-4DB3-9DC7-E00FD2F726CF}.Release|Any CPU.Build.0 = Release|Any CPU
		{BE8AE52F-CF64-4F81-ACF9-B263A1377ECA}.Debug|Any CPU.ActiveCfg = Debug|Any CPU
		{BE8AE52F-CF64-4F81-ACF9-B263A1377ECA}.Debug|Any CPU.Build.0 = Debug|Any CPU
		{BE8AE52F-CF64-4F81-ACF9-B263A1377ECA}.Release|Any CPU.ActiveCfg = Release|Any CPU
		{BE8AE52F-CF64-4F81-ACF9-B263A1377ECA}.Release|Any CPU.Build.0 = Release|Any CPU
		{F2EEFA16-5E3F-4986-BA04-B9DB4D8668A9}.Debug|Any CPU.ActiveCfg = Debug|Any CPU
		{F2EEFA16-5E3F-4986-BA04-B9DB4D8668A9}.Debug|Any CPU.Build.0 = Debug|Any CPU
		{F2EEFA16-5E3F-4986-BA04-B9DB4D8668A9}.Release|Any CPU.ActiveCfg = Release|Any CPU
		{F2EEFA16-5E3F-4986-BA04-B9DB4D8668A9}.Release|Any CPU.Build.0 = Release|Any CPU
		{49D63678-2B99-4F51-B494-8B6C20470E99}.Debug|Any CPU.ActiveCfg = Debug|Any CPU
		{49D63678-2B99-4F51-B494-8B6C20470E99}.Debug|Any CPU.Build.0 = Debug|Any CPU
		{49D63678-2B99-4F51-B494-8B6C20470E99}.Release|Any CPU.ActiveCfg = Release|Any CPU
		{49D63678-2B99-4F51-B494-8B6C20470E99}.Release|Any CPU.Build.0 = Release|Any CPU
		{6AD08297-4644-44EB-86AA-FE2220FE1A9C}.Debug|Any CPU.ActiveCfg = Debug|Any CPU
		{6AD08297-4644-44EB-86AA-FE2220FE1A9C}.Debug|Any CPU.Build.0 = Debug|Any CPU
		{6AD08297-4644-44EB-86AA-FE2220FE1A9C}.Release|Any CPU.ActiveCfg = Release|Any CPU
		{6AD08297-4644-44EB-86AA-FE2220FE1A9C}.Release|Any CPU.Build.0 = Release|Any CPU
	EndGlobalSection
	GlobalSection(SolutionProperties) = preSolution
		HideSolutionNode = FALSE
	EndGlobalSection
EndGlobal
